// !$*UTF8*$!
{
	archiveVersion = 1;
	classes = {
	};
	objectVersion = 56;
	objects = {

/* Begin PBXBuildFile section */
		400421802B7F05860030234D /* VerticalAlignmentExtension.swift in Sources */ = {isa = PBXBuildFile; fileRef = 4004217F2B7F05850030234D /* VerticalAlignmentExtension.swift */; };
		400421832B7F43820030234D /* HorizontalBarView.swift in Sources */ = {isa = PBXBuildFile; fileRef = 400421822B7F43820030234D /* HorizontalBarView.swift */; };
		4018ECFF2B7CAE8D0065285D /* MonthYearWheelPicker.swift in Sources */ = {isa = PBXBuildFile; fileRef = 4018ECFE2B7CAE8D0065285D /* MonthYearWheelPicker.swift */; };
		4018ED012B7CC2130065285D /* LineChartView.swift in Sources */ = {isa = PBXBuildFile; fileRef = 4018ED002B7CC2130065285D /* LineChartView.swift */; };
		401B885E2B7B470E005F59E9 /* MonthYearWheelPicker in Frameworks */ = {isa = PBXBuildFile; productRef = 401B885D2B7B470E005F59E9 /* MonthYearWheelPicker */; };
		4037C1C02C61AE7F001EAEB7 /* SubmitDeleteCell.swift in Sources */ = {isa = PBXBuildFile; fileRef = 4037C1BF2C61AE7F001EAEB7 /* SubmitDeleteCell.swift */; };
		405946482B2D1A6E00A6B1F9 /* Constants.swift in Sources */ = {isa = PBXBuildFile; fileRef = 405946472B2D1A6E00A6B1F9 /* Constants.swift */; };
		406C762A2B6489C40094A78E /* Appearance.swift in Sources */ = {isa = PBXBuildFile; fileRef = 406C76292B6489C40094A78E /* Appearance.swift */; };
		406C762C2B64A62A0094A78E /* CustomFieldViewController.swift in Sources */ = {isa = PBXBuildFile; fileRef = 406C762B2B64A62A0094A78E /* CustomFieldViewController.swift */; };
		406C762E2B64A8B40094A78E /* CustomFieldCell.swift in Sources */ = {isa = PBXBuildFile; fileRef = 406C762D2B64A8B40094A78E /* CustomFieldCell.swift */; };
		406C76302B64B8490094A78E /* SettingsTableViewController.swift in Sources */ = {isa = PBXBuildFile; fileRef = 406C762F2B64B8490094A78E /* SettingsTableViewController.swift */; };
		406C76332B673C260094A78E /* DynamicTableView.swift in Sources */ = {isa = PBXBuildFile; fileRef = 406C76322B673C260094A78E /* DynamicTableView.swift */; };
		406C76352B673D190094A78E /* PickerCell.swift in Sources */ = {isa = PBXBuildFile; fileRef = 406C76342B673D190094A78E /* PickerCell.swift */; };
		406C76372B6742C70094A78E /* Type.swift in Sources */ = {isa = PBXBuildFile; fileRef = 406C76362B6742C70094A78E /* Type.swift */; };
		406C76392B674C570094A78E /* NSLayoutConstraintExtension.swift in Sources */ = {isa = PBXBuildFile; fileRef = 406C76382B674C570094A78E /* NSLayoutConstraintExtension.swift */; };
		406C763B2B67572C0094A78E /* DropdownCell.swift in Sources */ = {isa = PBXBuildFile; fileRef = 406C763A2B67572C0094A78E /* DropdownCell.swift */; };
		406C763D2B67C26A0094A78E /* StepperCell.swift in Sources */ = {isa = PBXBuildFile; fileRef = 406C763C2B67C2690094A78E /* StepperCell.swift */; };
		407D6D922C6C303000F8A5B9 /* PrivacyInfo.xcprivacy in Resources */ = {isa = PBXBuildFile; fileRef = 407D6D912C6C303000F8A5B9 /* PrivacyInfo.xcprivacy */; };
		40A2072B2AD1064900DCF23A /* AppDelegate.swift in Sources */ = {isa = PBXBuildFile; fileRef = 40A2072A2AD1064900DCF23A /* AppDelegate.swift */; };
		40A2072D2AD1064900DCF23A /* SceneDelegate.swift in Sources */ = {isa = PBXBuildFile; fileRef = 40A2072C2AD1064900DCF23A /* SceneDelegate.swift */; };
		40A2072F2AD1064900DCF23A /* EntryCreationViewController.swift in Sources */ = {isa = PBXBuildFile; fileRef = 40A2072E2AD1064900DCF23A /* EntryCreationViewController.swift */; };
		40A207352AD1064900DCF23A /* Moodthread.xcdatamodeld in Sources */ = {isa = PBXBuildFile; fileRef = 40A207332AD1064900DCF23A /* Moodthread.xcdatamodeld */; };
		40A207372AD1064D00DCF23A /* Assets.xcassets in Resources */ = {isa = PBXBuildFile; fileRef = 40A207362AD1064D00DCF23A /* Assets.xcassets */; };
		40A2073A2AD1064D00DCF23A /* LaunchScreen.storyboard in Resources */ = {isa = PBXBuildFile; fileRef = 40A207382AD1064D00DCF23A /* LaunchScreen.storyboard */; };
		40A207452AD1064E00DCF23A /* MoodthreadTests.swift in Sources */ = {isa = PBXBuildFile; fileRef = 40A207442AD1064E00DCF23A /* MoodthreadTests.swift */; };
		40A2074F2AD1064E00DCF23A /* MoodthreadUITests.swift in Sources */ = {isa = PBXBuildFile; fileRef = 40A2074E2AD1064E00DCF23A /* MoodthreadUITests.swift */; };
		40A207512AD1064E00DCF23A /* MoodthreadUITestsLaunchTests.swift in Sources */ = {isa = PBXBuildFile; fileRef = 40A207502AD1064E00DCF23A /* MoodthreadUITestsLaunchTests.swift */; };
		40AD346A2BFDCD890033A7CD /* UIButtonEX.swift in Sources */ = {isa = PBXBuildFile; fileRef = 40AD34692BFDCD890033A7CD /* UIButtonEX.swift */; };
		40AD346C2BFEDFBB0033A7CD /* StepperView.swift in Sources */ = {isa = PBXBuildFile; fileRef = 40AD346B2BFEDFBB0033A7CD /* StepperView.swift */; };
		40AD346E2BFEE7DC0033A7CD /* UIStackViewExtension.swift in Sources */ = {isa = PBXBuildFile; fileRef = 40AD346D2BFEE7DC0033A7CD /* UIStackViewExtension.swift */; };
		40B759BC2B1DAEE100F3549E /* EntryCell.swift in Sources */ = {isa = PBXBuildFile; fileRef = 40B759BB2B1DAEE100F3549E /* EntryCell.swift */; };
		40B759BE2B21C86800F3549E /* DateCell.swift in Sources */ = {isa = PBXBuildFile; fileRef = 40B759BD2B21C86800F3549E /* DateCell.swift */; };
		40B9B3492B229D740016E3CA /* UIImageExtension.swift in Sources */ = {isa = PBXBuildFile; fileRef = 40B9B3482B229D740016E3CA /* UIImageExtension.swift */; };
		40B9B34B2B231B0C0016E3CA /* DeleteCell.swift in Sources */ = {isa = PBXBuildFile; fileRef = 40B9B34A2B231B0C0016E3CA /* DeleteCell.swift */; };
		40C07E472AE3452E002B63C8 /* TabBarController.swift in Sources */ = {isa = PBXBuildFile; fileRef = 40C07E462AE3452E002B63C8 /* TabBarController.swift */; };
		40C07E492AE3475C002B63C8 /* CalendarViewController.swift in Sources */ = {isa = PBXBuildFile; fileRef = 40C07E482AE3475C002B63C8 /* CalendarViewController.swift */; };
		40C07E4B2AE34799002B63C8 /* EntryListViewController.swift in Sources */ = {isa = PBXBuildFile; fileRef = 40C07E4A2AE34799002B63C8 /* EntryListViewController.swift */; };
		40C07E4D2AE347C1002B63C8 /* StatsViewController.swift in Sources */ = {isa = PBXBuildFile; fileRef = 40C07E4C2AE347C1002B63C8 /* StatsViewController.swift */; };
		40C07E4F2AE347E2002B63C8 /* SettingsViewController.swift in Sources */ = {isa = PBXBuildFile; fileRef = 40C07E4E2AE347E2002B63C8 /* SettingsViewController.swift */; };
		40C07E512AE3591E002B63C8 /* FieldCell.swift in Sources */ = {isa = PBXBuildFile; fileRef = 40C07E502AE3591E002B63C8 /* FieldCell.swift */; };
		40C07E5E2AE3A4FF002B63C8 /* SliderCell.swift in Sources */ = {isa = PBXBuildFile; fileRef = 40C07E5D2AE3A4FF002B63C8 /* SliderCell.swift */; };
		40C07E602AE3A9D8002B63C8 /* ItemConfiguration.swift in Sources */ = {isa = PBXBuildFile; fileRef = 40C07E5F2AE3A9D8002B63C8 /* ItemConfiguration.swift */; };
		40C07E622AE3B760002B63C8 /* BinaryCell.swift in Sources */ = {isa = PBXBuildFile; fileRef = 40C07E612AE3B760002B63C8 /* BinaryCell.swift */; };
		40C07E642AE3BF37002B63C8 /* SubmitCell.swift in Sources */ = {isa = PBXBuildFile; fileRef = 40C07E632AE3BF37002B63C8 /* SubmitCell.swift */; };
		40C581D62AF0D7C6002ED441 /* NumberCell.swift in Sources */ = {isa = PBXBuildFile; fileRef = 40C581D52AF0D7C6002ED441 /* NumberCell.swift */; };
		40C581D82AF0E938002ED441 /* SelectCell.swift in Sources */ = {isa = PBXBuildFile; fileRef = 40C581D72AF0E938002ED441 /* SelectCell.swift */; };
		40C60D912AF23C4D0061312B /* SelectOptionCell.swift in Sources */ = {isa = PBXBuildFile; fileRef = 40C60D902AF23C4D0061312B /* SelectOptionCell.swift */; };
		40C656072AF327A8006FD725 /* Field.swift in Sources */ = {isa = PBXBuildFile; fileRef = 40C656062AF327A8006FD725 /* Field.swift */; };
		40C656092AF39CA1006FD725 /* DataManager.swift in Sources */ = {isa = PBXBuildFile; fileRef = 40C656082AF39CA1006FD725 /* DataManager.swift */; };
		40C6560B2AF3ABAC006FD725 /* Fields.swift in Sources */ = {isa = PBXBuildFile; fileRef = 40C6560A2AF3ABAC006FD725 /* Fields.swift */; };
		40DFBA182C5DB7BC00E2296D /* RemindersViewController.swift in Sources */ = {isa = PBXBuildFile; fileRef = 40DFBA172C5DB7BC00E2296D /* RemindersViewController.swift */; };
		40DFBA1B2C5DB83F00E2296D /* ReminderCell.swift in Sources */ = {isa = PBXBuildFile; fileRef = 40DFBA1A2C5DB83F00E2296D /* ReminderCell.swift */; };
		40E753CE2B74755600266936 /* LabelCell.swift in Sources */ = {isa = PBXBuildFile; fileRef = 40E753CD2B74755600266936 /* LabelCell.swift */; };
		40E753D02B747D4F00266936 /* ActionCell.swift in Sources */ = {isa = PBXBuildFile; fileRef = 40E753CF2B747D4F00266936 /* ActionCell.swift */; };
		40F05FCC2B5DFF4500B69CE8 /* StatsManager.swift in Sources */ = {isa = PBXBuildFile; fileRef = 40F05FCB2B5DFF4500B69CE8 /* StatsManager.swift */; };
/* End PBXBuildFile section */

/* Begin PBXContainerItemProxy section */
		40A207412AD1064E00DCF23A /* PBXContainerItemProxy */ = {
			isa = PBXContainerItemProxy;
			containerPortal = 40A2071F2AD1064900DCF23A /* Project object */;
			proxyType = 1;
			remoteGlobalIDString = 40A207262AD1064900DCF23A;
			remoteInfo = Moodthread;
		};
		40A2074B2AD1064E00DCF23A /* PBXContainerItemProxy */ = {
			isa = PBXContainerItemProxy;
			containerPortal = 40A2071F2AD1064900DCF23A /* Project object */;
			proxyType = 1;
			remoteGlobalIDString = 40A207262AD1064900DCF23A;
			remoteInfo = Moodthread;
		};
/* End PBXContainerItemProxy section */

/* Begin PBXFileReference section */
		4004217F2B7F05850030234D /* VerticalAlignmentExtension.swift */ = {isa = PBXFileReference; lastKnownFileType = sourcecode.swift; path = VerticalAlignmentExtension.swift; sourceTree = "<group>"; };
		400421822B7F43820030234D /* HorizontalBarView.swift */ = {isa = PBXFileReference; lastKnownFileType = sourcecode.swift; path = HorizontalBarView.swift; sourceTree = "<group>"; };
		4018ECFE2B7CAE8D0065285D /* MonthYearWheelPicker.swift */ = {isa = PBXFileReference; fileEncoding = 4; lastKnownFileType = sourcecode.swift; path = MonthYearWheelPicker.swift; sourceTree = "<group>"; };
		4018ED002B7CC2130065285D /* LineChartView.swift */ = {isa = PBXFileReference; lastKnownFileType = sourcecode.swift; path = LineChartView.swift; sourceTree = "<group>"; };
		4037C1BF2C61AE7F001EAEB7 /* SubmitDeleteCell.swift */ = {isa = PBXFileReference; fileEncoding = 4; lastKnownFileType = sourcecode.swift; path = SubmitDeleteCell.swift; sourceTree = "<group>"; };
		405946472B2D1A6E00A6B1F9 /* Constants.swift */ = {isa = PBXFileReference; lastKnownFileType = sourcecode.swift; path = Constants.swift; sourceTree = "<group>"; };
		406C76292B6489C40094A78E /* Appearance.swift */ = {isa = PBXFileReference; lastKnownFileType = sourcecode.swift; path = Appearance.swift; sourceTree = "<group>"; };
		406C762B2B64A62A0094A78E /* CustomFieldViewController.swift */ = {isa = PBXFileReference; lastKnownFileType = sourcecode.swift; path = CustomFieldViewController.swift; sourceTree = "<group>"; };
		406C762D2B64A8B40094A78E /* CustomFieldCell.swift */ = {isa = PBXFileReference; lastKnownFileType = sourcecode.swift; path = CustomFieldCell.swift; sourceTree = "<group>"; };
		406C762F2B64B8490094A78E /* SettingsTableViewController.swift */ = {isa = PBXFileReference; lastKnownFileType = sourcecode.swift; path = SettingsTableViewController.swift; sourceTree = "<group>"; };
		406C76322B673C260094A78E /* DynamicTableView.swift */ = {isa = PBXFileReference; lastKnownFileType = sourcecode.swift; path = DynamicTableView.swift; sourceTree = "<group>"; };
		406C76342B673D190094A78E /* PickerCell.swift */ = {isa = PBXFileReference; lastKnownFileType = sourcecode.swift; path = PickerCell.swift; sourceTree = "<group>"; };
		406C76362B6742C70094A78E /* Type.swift */ = {isa = PBXFileReference; lastKnownFileType = sourcecode.swift; path = Type.swift; sourceTree = "<group>"; };
		406C76382B674C570094A78E /* NSLayoutConstraintExtension.swift */ = {isa = PBXFileReference; lastKnownFileType = sourcecode.swift; path = NSLayoutConstraintExtension.swift; sourceTree = "<group>"; };
		406C763A2B67572C0094A78E /* DropdownCell.swift */ = {isa = PBXFileReference; lastKnownFileType = sourcecode.swift; path = DropdownCell.swift; sourceTree = "<group>"; };
		406C763C2B67C2690094A78E /* StepperCell.swift */ = {isa = PBXFileReference; lastKnownFileType = sourcecode.swift; path = StepperCell.swift; sourceTree = "<group>"; };
		407D6D912C6C303000F8A5B9 /* PrivacyInfo.xcprivacy */ = {isa = PBXFileReference; lastKnownFileType = text.xml; path = PrivacyInfo.xcprivacy; sourceTree = "<group>"; };
		40A207272AD1064900DCF23A /* Moodthread.app */ = {isa = PBXFileReference; explicitFileType = wrapper.application; includeInIndex = 0; path = Moodthread.app; sourceTree = BUILT_PRODUCTS_DIR; };
		40A2072A2AD1064900DCF23A /* AppDelegate.swift */ = {isa = PBXFileReference; lastKnownFileType = sourcecode.swift; path = AppDelegate.swift; sourceTree = "<group>"; };
		40A2072C2AD1064900DCF23A /* SceneDelegate.swift */ = {isa = PBXFileReference; lastKnownFileType = sourcecode.swift; path = SceneDelegate.swift; sourceTree = "<group>"; };
		40A2072E2AD1064900DCF23A /* EntryCreationViewController.swift */ = {isa = PBXFileReference; lastKnownFileType = sourcecode.swift; path = EntryCreationViewController.swift; sourceTree = "<group>"; };
		40A207342AD1064900DCF23A /* Moodthread.xcdatamodel */ = {isa = PBXFileReference; lastKnownFileType = wrapper.xcdatamodel; path = Moodthread.xcdatamodel; sourceTree = "<group>"; };
		40A207362AD1064D00DCF23A /* Assets.xcassets */ = {isa = PBXFileReference; lastKnownFileType = folder.assetcatalog; path = Assets.xcassets; sourceTree = "<group>"; };
		40A207392AD1064D00DCF23A /* Base */ = {isa = PBXFileReference; lastKnownFileType = file.storyboard; name = Base; path = Base.lproj/LaunchScreen.storyboard; sourceTree = "<group>"; };
		40A2073B2AD1064D00DCF23A /* Info.plist */ = {isa = PBXFileReference; lastKnownFileType = text.plist.xml; path = Info.plist; sourceTree = "<group>"; };
		40A207402AD1064E00DCF23A /* MoodthreadTests.xctest */ = {isa = PBXFileReference; explicitFileType = wrapper.cfbundle; includeInIndex = 0; path = MoodthreadTests.xctest; sourceTree = BUILT_PRODUCTS_DIR; };
		40A207442AD1064E00DCF23A /* MoodthreadTests.swift */ = {isa = PBXFileReference; lastKnownFileType = sourcecode.swift; path = MoodthreadTests.swift; sourceTree = "<group>"; };
		40A2074A2AD1064E00DCF23A /* MoodthreadUITests.xctest */ = {isa = PBXFileReference; explicitFileType = wrapper.cfbundle; includeInIndex = 0; path = MoodthreadUITests.xctest; sourceTree = BUILT_PRODUCTS_DIR; };
		40A2074E2AD1064E00DCF23A /* MoodthreadUITests.swift */ = {isa = PBXFileReference; lastKnownFileType = sourcecode.swift; path = MoodthreadUITests.swift; sourceTree = "<group>"; };
		40A207502AD1064E00DCF23A /* MoodthreadUITestsLaunchTests.swift */ = {isa = PBXFileReference; lastKnownFileType = sourcecode.swift; path = MoodthreadUITestsLaunchTests.swift; sourceTree = "<group>"; };
		40AD34692BFDCD890033A7CD /* UIButtonEX.swift */ = {isa = PBXFileReference; lastKnownFileType = sourcecode.swift; path = UIButtonEX.swift; sourceTree = "<group>"; };
		40AD346B2BFEDFBB0033A7CD /* StepperView.swift */ = {isa = PBXFileReference; lastKnownFileType = sourcecode.swift; path = StepperView.swift; sourceTree = "<group>"; };
		40AD346D2BFEE7DC0033A7CD /* UIStackViewExtension.swift */ = {isa = PBXFileReference; lastKnownFileType = sourcecode.swift; path = UIStackViewExtension.swift; sourceTree = "<group>"; };
		40B759BB2B1DAEE100F3549E /* EntryCell.swift */ = {isa = PBXFileReference; lastKnownFileType = sourcecode.swift; path = EntryCell.swift; sourceTree = "<group>"; };
		40B759BD2B21C86800F3549E /* DateCell.swift */ = {isa = PBXFileReference; lastKnownFileType = sourcecode.swift; path = DateCell.swift; sourceTree = "<group>"; };
		40B9B3482B229D740016E3CA /* UIImageExtension.swift */ = {isa = PBXFileReference; lastKnownFileType = sourcecode.swift; path = UIImageExtension.swift; sourceTree = "<group>"; };
		40B9B34A2B231B0C0016E3CA /* DeleteCell.swift */ = {isa = PBXFileReference; lastKnownFileType = sourcecode.swift; path = DeleteCell.swift; sourceTree = "<group>"; };
		40C07E462AE3452E002B63C8 /* TabBarController.swift */ = {isa = PBXFileReference; lastKnownFileType = sourcecode.swift; path = TabBarController.swift; sourceTree = "<group>"; };
		40C07E482AE3475C002B63C8 /* CalendarViewController.swift */ = {isa = PBXFileReference; lastKnownFileType = sourcecode.swift; path = CalendarViewController.swift; sourceTree = "<group>"; };
		40C07E4A2AE34799002B63C8 /* EntryListViewController.swift */ = {isa = PBXFileReference; lastKnownFileType = sourcecode.swift; path = EntryListViewController.swift; sourceTree = "<group>"; };
		40C07E4C2AE347C1002B63C8 /* StatsViewController.swift */ = {isa = PBXFileReference; lastKnownFileType = sourcecode.swift; path = StatsViewController.swift; sourceTree = "<group>"; };
		40C07E4E2AE347E2002B63C8 /* SettingsViewController.swift */ = {isa = PBXFileReference; lastKnownFileType = sourcecode.swift; path = SettingsViewController.swift; sourceTree = "<group>"; };
		40C07E502AE3591E002B63C8 /* FieldCell.swift */ = {isa = PBXFileReference; lastKnownFileType = sourcecode.swift; path = FieldCell.swift; sourceTree = "<group>"; };
		40C07E5D2AE3A4FF002B63C8 /* SliderCell.swift */ = {isa = PBXFileReference; lastKnownFileType = sourcecode.swift; path = SliderCell.swift; sourceTree = "<group>"; };
		40C07E5F2AE3A9D8002B63C8 /* ItemConfiguration.swift */ = {isa = PBXFileReference; lastKnownFileType = sourcecode.swift; path = ItemConfiguration.swift; sourceTree = "<group>"; };
		40C07E612AE3B760002B63C8 /* BinaryCell.swift */ = {isa = PBXFileReference; lastKnownFileType = sourcecode.swift; path = BinaryCell.swift; sourceTree = "<group>"; };
		40C07E632AE3BF37002B63C8 /* SubmitCell.swift */ = {isa = PBXFileReference; lastKnownFileType = sourcecode.swift; path = SubmitCell.swift; sourceTree = "<group>"; };
		40C581D52AF0D7C6002ED441 /* NumberCell.swift */ = {isa = PBXFileReference; lastKnownFileType = sourcecode.swift; path = NumberCell.swift; sourceTree = "<group>"; };
		40C581D72AF0E938002ED441 /* SelectCell.swift */ = {isa = PBXFileReference; lastKnownFileType = sourcecode.swift; path = SelectCell.swift; sourceTree = "<group>"; };
		40C60D902AF23C4D0061312B /* SelectOptionCell.swift */ = {isa = PBXFileReference; lastKnownFileType = sourcecode.swift; path = SelectOptionCell.swift; sourceTree = "<group>"; };
		40C656062AF327A8006FD725 /* Field.swift */ = {isa = PBXFileReference; lastKnownFileType = sourcecode.swift; path = Field.swift; sourceTree = "<group>"; };
		40C656082AF39CA1006FD725 /* DataManager.swift */ = {isa = PBXFileReference; lastKnownFileType = sourcecode.swift; path = DataManager.swift; sourceTree = "<group>"; };
		40C6560A2AF3ABAC006FD725 /* Fields.swift */ = {isa = PBXFileReference; lastKnownFileType = sourcecode.swift; path = Fields.swift; sourceTree = "<group>"; };
		40DFBA172C5DB7BC00E2296D /* RemindersViewController.swift */ = {isa = PBXFileReference; lastKnownFileType = sourcecode.swift; path = RemindersViewController.swift; sourceTree = "<group>"; };
		40DFBA1A2C5DB83F00E2296D /* ReminderCell.swift */ = {isa = PBXFileReference; lastKnownFileType = sourcecode.swift; path = ReminderCell.swift; sourceTree = "<group>"; };
		40E753CD2B74755600266936 /* LabelCell.swift */ = {isa = PBXFileReference; lastKnownFileType = sourcecode.swift; path = LabelCell.swift; sourceTree = "<group>"; };
		40E753CF2B747D4F00266936 /* ActionCell.swift */ = {isa = PBXFileReference; lastKnownFileType = sourcecode.swift; path = ActionCell.swift; sourceTree = "<group>"; };
		40F05FCB2B5DFF4500B69CE8 /* StatsManager.swift */ = {isa = PBXFileReference; lastKnownFileType = sourcecode.swift; path = StatsManager.swift; sourceTree = "<group>"; };
/* End PBXFileReference section */

/* Begin PBXFrameworksBuildPhase section */
		40A207242AD1064900DCF23A /* Frameworks */ = {
			isa = PBXFrameworksBuildPhase;
			buildActionMask = 2147483647;
			files = (
				401B885E2B7B470E005F59E9 /* MonthYearWheelPicker in Frameworks */,
			);
			runOnlyForDeploymentPostprocessing = 0;
		};
		40A2073D2AD1064E00DCF23A /* Frameworks */ = {
			isa = PBXFrameworksBuildPhase;
			buildActionMask = 2147483647;
			files = (
			);
			runOnlyForDeploymentPostprocessing = 0;
		};
		40A207472AD1064E00DCF23A /* Frameworks */ = {
			isa = PBXFrameworksBuildPhase;
			buildActionMask = 2147483647;
			files = (
			);
			runOnlyForDeploymentPostprocessing = 0;
		};
/* End PBXFrameworksBuildPhase section */

/* Begin PBXGroup section */
		400421812B7F059E0030234D /* External */ = {
			isa = PBXGroup;
			children = (
				4004217F2B7F05850030234D /* VerticalAlignmentExtension.swift */,
				40B9B3482B229D740016E3CA /* UIImageExtension.swift */,
				406C76382B674C570094A78E /* NSLayoutConstraintExtension.swift */,
				4018ECFE2B7CAE8D0065285D /* MonthYearWheelPicker.swift */,
				40AD34692BFDCD890033A7CD /* UIButtonEX.swift */,
				40AD346D2BFEE7DC0033A7CD /* UIStackViewExtension.swift */,
			);
			path = External;
			sourceTree = "<group>";
		};
		40A2071E2AD1064900DCF23A = {
			isa = PBXGroup;
			children = (
				40A207292AD1064900DCF23A /* Moodthread */,
				40A207432AD1064E00DCF23A /* MoodthreadTests */,
				40A2074D2AD1064E00DCF23A /* MoodthreadUITests */,
				40A207282AD1064900DCF23A /* Products */,
			);
			sourceTree = "<group>";
		};
		40A207282AD1064900DCF23A /* Products */ = {
			isa = PBXGroup;
			children = (
				40A207272AD1064900DCF23A /* Moodthread.app */,
				40A207402AD1064E00DCF23A /* MoodthreadTests.xctest */,
				40A2074A2AD1064E00DCF23A /* MoodthreadUITests.xctest */,
			);
			name = Products;
			sourceTree = "<group>";
		};
		40A207292AD1064900DCF23A /* Moodthread */ = {
			isa = PBXGroup;
			children = (
				405946472B2D1A6E00A6B1F9 /* Constants.swift */,
				40A2072A2AD1064900DCF23A /* AppDelegate.swift */,
				40A2072C2AD1064900DCF23A /* SceneDelegate.swift */,
				40C656082AF39CA1006FD725 /* DataManager.swift */,
				40C07E462AE3452E002B63C8 /* TabBarController.swift */,
				406C76362B6742C70094A78E /* Type.swift */,
				40C6560A2AF3ABAC006FD725 /* Fields.swift */,
				40C656062AF327A8006FD725 /* Field.swift */,
				40C07E5F2AE3A9D8002B63C8 /* ItemConfiguration.swift */,
				40F05FCB2B5DFF4500B69CE8 /* StatsManager.swift */,
				406C76292B6489C40094A78E /* Appearance.swift */,
				40C07E582AE39B6F002B63C8 /* EntryCreation */,
				40C07E5A2AE39B8A002B63C8 /* EntryList */,
				40C07E592AE39B82002B63C8 /* Calendar */,
				40C07E5B2AE39B90002B63C8 /* Stats */,
				40C07E5C2AE39BAB002B63C8 /* Settings */,
				400421812B7F059E0030234D /* External */,
				40A207362AD1064D00DCF23A /* Assets.xcassets */,
				40A207382AD1064D00DCF23A /* LaunchScreen.storyboard */,
				40A2073B2AD1064D00DCF23A /* Info.plist */,
				407D6D912C6C303000F8A5B9 /* PrivacyInfo.xcprivacy */,
				40A207332AD1064900DCF23A /* Moodthread.xcdatamodeld */,
			);
			path = Moodthread;
			sourceTree = "<group>";
		};
		40A207432AD1064E00DCF23A /* MoodthreadTests */ = {
			isa = PBXGroup;
			children = (
				40A207442AD1064E00DCF23A /* MoodthreadTests.swift */,
			);
			path = MoodthreadTests;
			sourceTree = "<group>";
		};
		40A2074D2AD1064E00DCF23A /* MoodthreadUITests */ = {
			isa = PBXGroup;
			children = (
				40A2074E2AD1064E00DCF23A /* MoodthreadUITests.swift */,
				40A207502AD1064E00DCF23A /* MoodthreadUITestsLaunchTests.swift */,
			);
			path = MoodthreadUITests;
			sourceTree = "<group>";
		};
		40C07E582AE39B6F002B63C8 /* EntryCreation */ = {
			isa = PBXGroup;
			children = (
				40A2072E2AD1064900DCF23A /* EntryCreationViewController.swift */,
				40C07E502AE3591E002B63C8 /* FieldCell.swift */,
				40C07E5D2AE3A4FF002B63C8 /* SliderCell.swift */,
				40C581D52AF0D7C6002ED441 /* NumberCell.swift */,
				40C07E612AE3B760002B63C8 /* BinaryCell.swift */,
				40C581D72AF0E938002ED441 /* SelectCell.swift */,
				40C60D902AF23C4D0061312B /* SelectOptionCell.swift */,
				40C07E632AE3BF37002B63C8 /* SubmitCell.swift */,
				40B9B34A2B231B0C0016E3CA /* DeleteCell.swift */,
				4037C1BF2C61AE7F001EAEB7 /* SubmitDeleteCell.swift */,
			);
			path = EntryCreation;
			sourceTree = "<group>";
		};
		40C07E592AE39B82002B63C8 /* Calendar */ = {
			isa = PBXGroup;
			children = (
				40C07E482AE3475C002B63C8 /* CalendarViewController.swift */,
			);
			path = Calendar;
			sourceTree = "<group>";
		};
		40C07E5A2AE39B8A002B63C8 /* EntryList */ = {
			isa = PBXGroup;
			children = (
				40C07E4A2AE34799002B63C8 /* EntryListViewController.swift */,
				40B759BB2B1DAEE100F3549E /* EntryCell.swift */,
				40B759BD2B21C86800F3549E /* DateCell.swift */,
			);
			path = EntryList;
			sourceTree = "<group>";
		};
		40C07E5B2AE39B90002B63C8 /* Stats */ = {
			isa = PBXGroup;
			children = (
				40C07E4C2AE347C1002B63C8 /* StatsViewController.swift */,
				4018ED002B7CC2130065285D /* LineChartView.swift */,
				400421822B7F43820030234D /* HorizontalBarView.swift */,
			);
			path = Stats;
			sourceTree = "<group>";
		};
		40C07E5C2AE39BAB002B63C8 /* Settings */ = {
			isa = PBXGroup;
			children = (
				406C762F2B64B8490094A78E /* SettingsTableViewController.swift */,
				406C76322B673C260094A78E /* DynamicTableView.swift */,
				40C07E4E2AE347E2002B63C8 /* SettingsViewController.swift */,
				406C762B2B64A62A0094A78E /* CustomFieldViewController.swift */,
				40DFBA172C5DB7BC00E2296D /* RemindersViewController.swift */,
				40DFBA1A2C5DB83F00E2296D /* ReminderCell.swift */,
				40E753CF2B747D4F00266936 /* ActionCell.swift */,
				406C762D2B64A8B40094A78E /* CustomFieldCell.swift */,
				40AD346B2BFEDFBB0033A7CD /* StepperView.swift */,
				406C76342B673D190094A78E /* PickerCell.swift */,
				406C763C2B67C2690094A78E /* StepperCell.swift */,
				406C763A2B67572C0094A78E /* DropdownCell.swift */,
				40E753CD2B74755600266936 /* LabelCell.swift */,
			);
			path = Settings;
			sourceTree = "<group>";
		};
/* End PBXGroup section */

/* Begin PBXNativeTarget section */
		40A207262AD1064900DCF23A /* Moodthread */ = {
			isa = PBXNativeTarget;
			buildConfigurationList = 40A207542AD1064E00DCF23A /* Build configuration list for PBXNativeTarget "Moodthread" */;
			buildPhases = (
				40A207232AD1064900DCF23A /* Sources */,
				40A207242AD1064900DCF23A /* Frameworks */,
				40A207252AD1064900DCF23A /* Resources */,
			);
			buildRules = (
			);
			dependencies = (
			);
			name = Moodthread;
			packageProductDependencies = (
				401B885D2B7B470E005F59E9 /* MonthYearWheelPicker */,
			);
			productName = Moodthread;
			productReference = 40A207272AD1064900DCF23A /* Moodthread.app */;
			productType = "com.apple.product-type.application";
		};
		40A2073F2AD1064E00DCF23A /* MoodthreadTests */ = {
			isa = PBXNativeTarget;
			buildConfigurationList = 40A207572AD1064E00DCF23A /* Build configuration list for PBXNativeTarget "MoodthreadTests" */;
			buildPhases = (
				40A2073C2AD1064E00DCF23A /* Sources */,
				40A2073D2AD1064E00DCF23A /* Frameworks */,
				40A2073E2AD1064E00DCF23A /* Resources */,
			);
			buildRules = (
			);
			dependencies = (
				40A207422AD1064E00DCF23A /* PBXTargetDependency */,
			);
			name = MoodthreadTests;
			productName = MoodthreadTests;
			productReference = 40A207402AD1064E00DCF23A /* MoodthreadTests.xctest */;
			productType = "com.apple.product-type.bundle.unit-test";
		};
		40A207492AD1064E00DCF23A /* MoodthreadUITests */ = {
			isa = PBXNativeTarget;
			buildConfigurationList = 40A2075A2AD1064E00DCF23A /* Build configuration list for PBXNativeTarget "MoodthreadUITests" */;
			buildPhases = (
				40A207462AD1064E00DCF23A /* Sources */,
				40A207472AD1064E00DCF23A /* Frameworks */,
				40A207482AD1064E00DCF23A /* Resources */,
			);
			buildRules = (
			);
			dependencies = (
				40A2074C2AD1064E00DCF23A /* PBXTargetDependency */,
			);
			name = MoodthreadUITests;
			productName = MoodthreadUITests;
			productReference = 40A2074A2AD1064E00DCF23A /* MoodthreadUITests.xctest */;
			productType = "com.apple.product-type.bundle.ui-testing";
		};
/* End PBXNativeTarget section */

/* Begin PBXProject section */
		40A2071F2AD1064900DCF23A /* Project object */ = {
			isa = PBXProject;
			attributes = {
				BuildIndependentTargetsInParallel = 1;
				LastSwiftUpdateCheck = 1500;
				LastUpgradeCheck = 1500;
				TargetAttributes = {
					40A207262AD1064900DCF23A = {
						CreatedOnToolsVersion = 15.0;
					};
					40A2073F2AD1064E00DCF23A = {
						CreatedOnToolsVersion = 15.0;
						TestTargetID = 40A207262AD1064900DCF23A;
					};
					40A207492AD1064E00DCF23A = {
						CreatedOnToolsVersion = 15.0;
						TestTargetID = 40A207262AD1064900DCF23A;
					};
				};
			};
			buildConfigurationList = 40A207222AD1064900DCF23A /* Build configuration list for PBXProject "Moodthread" */;
			compatibilityVersion = "Xcode 14.0";
			developmentRegion = en;
			hasScannedForEncodings = 0;
			knownRegions = (
				en,
				Base,
			);
			mainGroup = 40A2071E2AD1064900DCF23A;
			packageReferences = (
				401B885C2B7B470E005F59E9 /* XCRemoteSwiftPackageReference "MonthYearWheelPicker" */,
			);
			productRefGroup = 40A207282AD1064900DCF23A /* Products */;
			projectDirPath = "";
			projectRoot = "";
			targets = (
				40A207262AD1064900DCF23A /* Moodthread */,
				40A2073F2AD1064E00DCF23A /* MoodthreadTests */,
				40A207492AD1064E00DCF23A /* MoodthreadUITests */,
			);
		};
/* End PBXProject section */

/* Begin PBXResourcesBuildPhase section */
		40A207252AD1064900DCF23A /* Resources */ = {
			isa = PBXResourcesBuildPhase;
			buildActionMask = 2147483647;
			files = (
				407D6D922C6C303000F8A5B9 /* PrivacyInfo.xcprivacy in Resources */,
				40A2073A2AD1064D00DCF23A /* LaunchScreen.storyboard in Resources */,
				40A207372AD1064D00DCF23A /* Assets.xcassets in Resources */,
			);
			runOnlyForDeploymentPostprocessing = 0;
		};
		40A2073E2AD1064E00DCF23A /* Resources */ = {
			isa = PBXResourcesBuildPhase;
			buildActionMask = 2147483647;
			files = (
			);
			runOnlyForDeploymentPostprocessing = 0;
		};
		40A207482AD1064E00DCF23A /* Resources */ = {
			isa = PBXResourcesBuildPhase;
			buildActionMask = 2147483647;
			files = (
			);
			runOnlyForDeploymentPostprocessing = 0;
		};
/* End PBXResourcesBuildPhase section */

/* Begin PBXSourcesBuildPhase section */
		40A207232AD1064900DCF23A /* Sources */ = {
			isa = PBXSourcesBuildPhase;
			buildActionMask = 2147483647;
			files = (
				40C07E512AE3591E002B63C8 /* FieldCell.swift in Sources */,
				40F05FCC2B5DFF4500B69CE8 /* StatsManager.swift in Sources */,
				40A2072F2AD1064900DCF23A /* EntryCreationViewController.swift in Sources */,
				400421802B7F05860030234D /* VerticalAlignmentExtension.swift in Sources */,
				40C581D62AF0D7C6002ED441 /* NumberCell.swift in Sources */,
				40C07E602AE3A9D8002B63C8 /* ItemConfiguration.swift in Sources */,
				406C76392B674C570094A78E /* NSLayoutConstraintExtension.swift in Sources */,
				406C76372B6742C70094A78E /* Type.swift in Sources */,
				4037C1C02C61AE7F001EAEB7 /* SubmitDeleteCell.swift in Sources */,
				40C60D912AF23C4D0061312B /* SelectOptionCell.swift in Sources */,
				406C763B2B67572C0094A78E /* DropdownCell.swift in Sources */,
				40A2072B2AD1064900DCF23A /* AppDelegate.swift in Sources */,
				406C762C2B64A62A0094A78E /* CustomFieldViewController.swift in Sources */,
				406C763D2B67C26A0094A78E /* StepperCell.swift in Sources */,
				406C762A2B6489C40094A78E /* Appearance.swift in Sources */,
				40E753D02B747D4F00266936 /* ActionCell.swift in Sources */,
				405946482B2D1A6E00A6B1F9 /* Constants.swift in Sources */,
				40AD346E2BFEE7DC0033A7CD /* UIStackViewExtension.swift in Sources */,
				40C07E4F2AE347E2002B63C8 /* SettingsViewController.swift in Sources */,
				40B759BE2B21C86800F3549E /* DateCell.swift in Sources */,
				40B759BC2B1DAEE100F3549E /* EntryCell.swift in Sources */,
				40C07E622AE3B760002B63C8 /* BinaryCell.swift in Sources */,
				40C07E472AE3452E002B63C8 /* TabBarController.swift in Sources */,
				40C656072AF327A8006FD725 /* Field.swift in Sources */,
				40A207352AD1064900DCF23A /* Moodthread.xcdatamodeld in Sources */,
				40C07E4B2AE34799002B63C8 /* EntryListViewController.swift in Sources */,
				40DFBA1B2C5DB83F00E2296D /* ReminderCell.swift in Sources */,
				4018ED012B7CC2130065285D /* LineChartView.swift in Sources */,
				4018ECFF2B7CAE8D0065285D /* MonthYearWheelPicker.swift in Sources */,
				406C762E2B64A8B40094A78E /* CustomFieldCell.swift in Sources */,
				40C07E5E2AE3A4FF002B63C8 /* SliderCell.swift in Sources */,
				406C76332B673C260094A78E /* DynamicTableView.swift in Sources */,
				40C07E492AE3475C002B63C8 /* CalendarViewController.swift in Sources */,
				40C581D82AF0E938002ED441 /* SelectCell.swift in Sources */,
				40C07E4D2AE347C1002B63C8 /* StatsViewController.swift in Sources */,
				40B9B34B2B231B0C0016E3CA /* DeleteCell.swift in Sources */,
				40A2072D2AD1064900DCF23A /* SceneDelegate.swift in Sources */,
				40AD346C2BFEDFBB0033A7CD /* StepperView.swift in Sources */,
				406C76352B673D190094A78E /* PickerCell.swift in Sources */,
				40E753CE2B74755600266936 /* LabelCell.swift in Sources */,
				40C6560B2AF3ABAC006FD725 /* Fields.swift in Sources */,
				40C656092AF39CA1006FD725 /* DataManager.swift in Sources */,
				40DFBA182C5DB7BC00E2296D /* RemindersViewController.swift in Sources */,
				40AD346A2BFDCD890033A7CD /* UIButtonEX.swift in Sources */,
				40C07E642AE3BF37002B63C8 /* SubmitCell.swift in Sources */,
				406C76302B64B8490094A78E /* SettingsTableViewController.swift in Sources */,
				400421832B7F43820030234D /* HorizontalBarView.swift in Sources */,
				40B9B3492B229D740016E3CA /* UIImageExtension.swift in Sources */,
			);
			runOnlyForDeploymentPostprocessing = 0;
		};
		40A2073C2AD1064E00DCF23A /* Sources */ = {
			isa = PBXSourcesBuildPhase;
			buildActionMask = 2147483647;
			files = (
				40A207452AD1064E00DCF23A /* MoodthreadTests.swift in Sources */,
			);
			runOnlyForDeploymentPostprocessing = 0;
		};
		40A207462AD1064E00DCF23A /* Sources */ = {
			isa = PBXSourcesBuildPhase;
			buildActionMask = 2147483647;
			files = (
				40A2074F2AD1064E00DCF23A /* MoodthreadUITests.swift in Sources */,
				40A207512AD1064E00DCF23A /* MoodthreadUITestsLaunchTests.swift in Sources */,
			);
			runOnlyForDeploymentPostprocessing = 0;
		};
/* End PBXSourcesBuildPhase section */

/* Begin PBXTargetDependency section */
		40A207422AD1064E00DCF23A /* PBXTargetDependency */ = {
			isa = PBXTargetDependency;
			target = 40A207262AD1064900DCF23A /* Moodthread */;
			targetProxy = 40A207412AD1064E00DCF23A /* PBXContainerItemProxy */;
		};
		40A2074C2AD1064E00DCF23A /* PBXTargetDependency */ = {
			isa = PBXTargetDependency;
			target = 40A207262AD1064900DCF23A /* Moodthread */;
			targetProxy = 40A2074B2AD1064E00DCF23A /* PBXContainerItemProxy */;
		};
/* End PBXTargetDependency section */

/* Begin PBXVariantGroup section */
		40A207382AD1064D00DCF23A /* LaunchScreen.storyboard */ = {
			isa = PBXVariantGroup;
			children = (
				40A207392AD1064D00DCF23A /* Base */,
			);
			name = LaunchScreen.storyboard;
			sourceTree = "<group>";
		};
/* End PBXVariantGroup section */

/* Begin XCBuildConfiguration section */
		40A207522AD1064E00DCF23A /* Debug */ = {
			isa = XCBuildConfiguration;
			buildSettings = {
				ALWAYS_SEARCH_USER_PATHS = NO;
				ASSETCATALOG_COMPILER_GENERATE_SWIFT_ASSET_SYMBOL_EXTENSIONS = YES;
				CLANG_ANALYZER_NONNULL = YES;
				CLANG_ANALYZER_NUMBER_OBJECT_CONVERSION = YES_AGGRESSIVE;
				CLANG_CXX_LANGUAGE_STANDARD = "gnu++20";
				CLANG_ENABLE_MODULES = YES;
				CLANG_ENABLE_OBJC_ARC = YES;
				CLANG_ENABLE_OBJC_WEAK = YES;
				CLANG_WARN_BLOCK_CAPTURE_AUTORELEASING = YES;
				CLANG_WARN_BOOL_CONVERSION = YES;
				CLANG_WARN_COMMA = YES;
				CLANG_WARN_CONSTANT_CONVERSION = YES;
				CLANG_WARN_DEPRECATED_OBJC_IMPLEMENTATIONS = YES;
				CLANG_WARN_DIRECT_OBJC_ISA_USAGE = YES_ERROR;
				CLANG_WARN_DOCUMENTATION_COMMENTS = YES;
				CLANG_WARN_EMPTY_BODY = YES;
				CLANG_WARN_ENUM_CONVERSION = YES;
				CLANG_WARN_INFINITE_RECURSION = YES;
				CLANG_WARN_INT_CONVERSION = YES;
				CLANG_WARN_NON_LITERAL_NULL_CONVERSION = YES;
				CLANG_WARN_OBJC_IMPLICIT_RETAIN_SELF = YES;
				CLANG_WARN_OBJC_LITERAL_CONVERSION = YES;
				CLANG_WARN_OBJC_ROOT_CLASS = YES_ERROR;
				CLANG_WARN_QUOTED_INCLUDE_IN_FRAMEWORK_HEADER = YES;
				CLANG_WARN_RANGE_LOOP_ANALYSIS = YES;
				CLANG_WARN_STRICT_PROTOTYPES = YES;
				CLANG_WARN_SUSPICIOUS_MOVE = YES;
				CLANG_WARN_UNGUARDED_AVAILABILITY = YES_AGGRESSIVE;
				CLANG_WARN_UNREACHABLE_CODE = YES;
				CLANG_WARN__DUPLICATE_METHOD_MATCH = YES;
				COPY_PHASE_STRIP = NO;
				DEBUG_INFORMATION_FORMAT = dwarf;
				ENABLE_STRICT_OBJC_MSGSEND = YES;
				ENABLE_TESTABILITY = YES;
				ENABLE_USER_SCRIPT_SANDBOXING = YES;
				GCC_C_LANGUAGE_STANDARD = gnu17;
				GCC_DYNAMIC_NO_PIC = NO;
				GCC_NO_COMMON_BLOCKS = YES;
				GCC_OPTIMIZATION_LEVEL = 0;
				GCC_PREPROCESSOR_DEFINITIONS = (
					"DEBUG=1",
					"$(inherited)",
				);
				GCC_WARN_64_TO_32_BIT_CONVERSION = YES;
				GCC_WARN_ABOUT_RETURN_TYPE = YES_ERROR;
				GCC_WARN_UNDECLARED_SELECTOR = YES;
				GCC_WARN_UNINITIALIZED_AUTOS = YES_AGGRESSIVE;
				GCC_WARN_UNUSED_FUNCTION = YES;
				GCC_WARN_UNUSED_VARIABLE = YES;
				IPHONEOS_DEPLOYMENT_TARGET = 17.0;
				LOCALIZATION_PREFERS_STRING_CATALOGS = YES;
				MTL_ENABLE_DEBUG_INFO = INCLUDE_SOURCE;
				MTL_FAST_MATH = YES;
				ONLY_ACTIVE_ARCH = YES;
				SDKROOT = iphoneos;
				SWIFT_ACTIVE_COMPILATION_CONDITIONS = "DEBUG $(inherited)";
				SWIFT_OPTIMIZATION_LEVEL = "-Onone";
			};
			name = Debug;
		};
		40A207532AD1064E00DCF23A /* Release */ = {
			isa = XCBuildConfiguration;
			buildSettings = {
				ALWAYS_SEARCH_USER_PATHS = NO;
				ASSETCATALOG_COMPILER_GENERATE_SWIFT_ASSET_SYMBOL_EXTENSIONS = YES;
				CLANG_ANALYZER_NONNULL = YES;
				CLANG_ANALYZER_NUMBER_OBJECT_CONVERSION = YES_AGGRESSIVE;
				CLANG_CXX_LANGUAGE_STANDARD = "gnu++20";
				CLANG_ENABLE_MODULES = YES;
				CLANG_ENABLE_OBJC_ARC = YES;
				CLANG_ENABLE_OBJC_WEAK = YES;
				CLANG_WARN_BLOCK_CAPTURE_AUTORELEASING = YES;
				CLANG_WARN_BOOL_CONVERSION = YES;
				CLANG_WARN_COMMA = YES;
				CLANG_WARN_CONSTANT_CONVERSION = YES;
				CLANG_WARN_DEPRECATED_OBJC_IMPLEMENTATIONS = YES;
				CLANG_WARN_DIRECT_OBJC_ISA_USAGE = YES_ERROR;
				CLANG_WARN_DOCUMENTATION_COMMENTS = YES;
				CLANG_WARN_EMPTY_BODY = YES;
				CLANG_WARN_ENUM_CONVERSION = YES;
				CLANG_WARN_INFINITE_RECURSION = YES;
				CLANG_WARN_INT_CONVERSION = YES;
				CLANG_WARN_NON_LITERAL_NULL_CONVERSION = YES;
				CLANG_WARN_OBJC_IMPLICIT_RETAIN_SELF = YES;
				CLANG_WARN_OBJC_LITERAL_CONVERSION = YES;
				CLANG_WARN_OBJC_ROOT_CLASS = YES_ERROR;
				CLANG_WARN_QUOTED_INCLUDE_IN_FRAMEWORK_HEADER = YES;
				CLANG_WARN_RANGE_LOOP_ANALYSIS = YES;
				CLANG_WARN_STRICT_PROTOTYPES = YES;
				CLANG_WARN_SUSPICIOUS_MOVE = YES;
				CLANG_WARN_UNGUARDED_AVAILABILITY = YES_AGGRESSIVE;
				CLANG_WARN_UNREACHABLE_CODE = YES;
				CLANG_WARN__DUPLICATE_METHOD_MATCH = YES;
				COPY_PHASE_STRIP = NO;
				DEBUG_INFORMATION_FORMAT = "dwarf-with-dsym";
				ENABLE_NS_ASSERTIONS = NO;
				ENABLE_STRICT_OBJC_MSGSEND = YES;
				ENABLE_USER_SCRIPT_SANDBOXING = YES;
				GCC_C_LANGUAGE_STANDARD = gnu17;
				GCC_NO_COMMON_BLOCKS = YES;
				GCC_WARN_64_TO_32_BIT_CONVERSION = YES;
				GCC_WARN_ABOUT_RETURN_TYPE = YES_ERROR;
				GCC_WARN_UNDECLARED_SELECTOR = YES;
				GCC_WARN_UNINITIALIZED_AUTOS = YES_AGGRESSIVE;
				GCC_WARN_UNUSED_FUNCTION = YES;
				GCC_WARN_UNUSED_VARIABLE = YES;
				IPHONEOS_DEPLOYMENT_TARGET = 17.0;
				LOCALIZATION_PREFERS_STRING_CATALOGS = YES;
				MTL_ENABLE_DEBUG_INFO = NO;
				MTL_FAST_MATH = YES;
				SDKROOT = iphoneos;
				SWIFT_COMPILATION_MODE = wholemodule;
				VALIDATE_PRODUCT = YES;
			};
			name = Release;
		};
		40A207552AD1064E00DCF23A /* Debug */ = {
			isa = XCBuildConfiguration;
			buildSettings = {
				ASSETCATALOG_COMPILER_APPICON_NAME = AppIcon;
				ASSETCATALOG_COMPILER_GLOBAL_ACCENT_COLOR_NAME = AccentColor;
				CODE_SIGN_STYLE = Automatic;
				CURRENT_PROJECT_VERSION = 1;
				DEVELOPMENT_TEAM = AV5T75VG6K;
				GENERATE_INFOPLIST_FILE = YES;
				INFOPLIST_FILE = Moodthread/Info.plist;
				INFOPLIST_KEY_UIApplicationSupportsIndirectInputEvents = YES;
				INFOPLIST_KEY_UILaunchStoryboardName = LaunchScreen;
				INFOPLIST_KEY_UISupportedInterfaceOrientations_iPad = "UIInterfaceOrientationPortrait UIInterfaceOrientationPortraitUpsideDown UIInterfaceOrientationLandscapeLeft UIInterfaceOrientationLandscapeRight";
				INFOPLIST_KEY_UISupportedInterfaceOrientations_iPhone = "UIInterfaceOrientationPortrait UIInterfaceOrientationLandscapeLeft UIInterfaceOrientationLandscapeRight";
				IPHONEOS_DEPLOYMENT_TARGET = 16.0;
				LD_RUNPATH_SEARCH_PATHS = (
					"$(inherited)",
					"@executable_path/Frameworks",
				);
				MARKETING_VERSION = 1.0;
				PRODUCT_BUNDLE_IDENTIFIER = acherian.Moodthread;
				PRODUCT_NAME = "$(TARGET_NAME)";
				SWIFT_EMIT_LOC_STRINGS = YES;
				SWIFT_VERSION = 5.0;
				TARGETED_DEVICE_FAMILY = "1,2";
			};
			name = Debug;
		};
		40A207562AD1064E00DCF23A /* Release */ = {
			isa = XCBuildConfiguration;
			buildSettings = {
				ASSETCATALOG_COMPILER_APPICON_NAME = AppIcon;
				ASSETCATALOG_COMPILER_GLOBAL_ACCENT_COLOR_NAME = AccentColor;
				CODE_SIGN_STYLE = Automatic;
				CURRENT_PROJECT_VERSION = 1;
				DEVELOPMENT_TEAM = AV5T75VG6K;
				GENERATE_INFOPLIST_FILE = YES;
				INFOPLIST_FILE = Moodthread/Info.plist;
				INFOPLIST_KEY_UIApplicationSupportsIndirectInputEvents = YES;
				INFOPLIST_KEY_UILaunchStoryboardName = LaunchScreen;
				INFOPLIST_KEY_UISupportedInterfaceOrientations_iPad = "UIInterfaceOrientationPortrait UIInterfaceOrientationPortraitUpsideDown UIInterfaceOrientationLandscapeLeft UIInterfaceOrientationLandscapeRight";
				INFOPLIST_KEY_UISupportedInterfaceOrientations_iPhone = "UIInterfaceOrientationPortrait UIInterfaceOrientationLandscapeLeft UIInterfaceOrientationLandscapeRight";
				IPHONEOS_DEPLOYMENT_TARGET = 16.0;
				LD_RUNPATH_SEARCH_PATHS = (
					"$(inherited)",
					"@executable_path/Frameworks",
				);
				MARKETING_VERSION = 1.0;
				PRODUCT_BUNDLE_IDENTIFIER = acherian.Moodthread;
				PRODUCT_NAME = "$(TARGET_NAME)";
				SWIFT_EMIT_LOC_STRINGS = YES;
				SWIFT_VERSION = 5.0;
				TARGETED_DEVICE_FAMILY = "1,2";
			};
			name = Release;
		};
		40A207582AD1064E00DCF23A /* Debug */ = {
			isa = XCBuildConfiguration;
			buildSettings = {
				ALWAYS_EMBED_SWIFT_STANDARD_LIBRARIES = YES;
				BUNDLE_LOADER = "$(TEST_HOST)";
				CODE_SIGN_STYLE = Automatic;
				CURRENT_PROJECT_VERSION = 1;
				DEVELOPMENT_TEAM = AV5T75VG6K;
				GENERATE_INFOPLIST_FILE = YES;
				IPHONEOS_DEPLOYMENT_TARGET = 17.0;
				MARKETING_VERSION = 1.0;
				PRODUCT_BUNDLE_IDENTIFIER = acherian.MoodthreadTests;
				PRODUCT_NAME = "$(TARGET_NAME)";
				SWIFT_EMIT_LOC_STRINGS = NO;
				SWIFT_VERSION = 5.0;
				TARGETED_DEVICE_FAMILY = "1,2";
				TEST_HOST = "$(BUILT_PRODUCTS_DIR)/Moodthread.app/$(BUNDLE_EXECUTABLE_FOLDER_PATH)/Moodthread";
			};
			name = Debug;
		};
		40A207592AD1064E00DCF23A /* Release */ = {
			isa = XCBuildConfiguration;
			buildSettings = {
				ALWAYS_EMBED_SWIFT_STANDARD_LIBRARIES = YES;
				BUNDLE_LOADER = "$(TEST_HOST)";
				CODE_SIGN_STYLE = Automatic;
				CURRENT_PROJECT_VERSION = 1;
				DEVELOPMENT_TEAM = AV5T75VG6K;
				GENERATE_INFOPLIST_FILE = YES;
				IPHONEOS_DEPLOYMENT_TARGET = 17.0;
				MARKETING_VERSION = 1.0;
				PRODUCT_BUNDLE_IDENTIFIER = acherian.MoodthreadTests;
				PRODUCT_NAME = "$(TARGET_NAME)";
				SWIFT_EMIT_LOC_STRINGS = NO;
				SWIFT_VERSION = 5.0;
				TARGETED_DEVICE_FAMILY = "1,2";
				TEST_HOST = "$(BUILT_PRODUCTS_DIR)/Moodthread.app/$(BUNDLE_EXECUTABLE_FOLDER_PATH)/Moodthread";
			};
			name = Release;
		};
		40A2075B2AD1064E00DCF23A /* Debug */ = {
			isa = XCBuildConfiguration;
			buildSettings = {
				ALWAYS_EMBED_SWIFT_STANDARD_LIBRARIES = YES;
				CODE_SIGN_STYLE = Automatic;
				CURRENT_PROJECT_VERSION = 1;
				DEVELOPMENT_TEAM = AV5T75VG6K;
				GENERATE_INFOPLIST_FILE = YES;
				MARKETING_VERSION = 1.0;
				PRODUCT_BUNDLE_IDENTIFIER = acherian.MoodthreadUITests;
				PRODUCT_NAME = "$(TARGET_NAME)";
				SWIFT_EMIT_LOC_STRINGS = NO;
				SWIFT_VERSION = 5.0;
				TARGETED_DEVICE_FAMILY = "1,2";
				TEST_TARGET_NAME = Moodthread;
			};
			name = Debug;
		};
		40A2075C2AD1064E00DCF23A /* Release */ = {
			isa = XCBuildConfiguration;
			buildSettings = {
				ALWAYS_EMBED_SWIFT_STANDARD_LIBRARIES = YES;
				CODE_SIGN_STYLE = Automatic;
				CURRENT_PROJECT_VERSION = 1;
				DEVELOPMENT_TEAM = AV5T75VG6K;
				GENERATE_INFOPLIST_FILE = YES;
				MARKETING_VERSION = 1.0;
				PRODUCT_BUNDLE_IDENTIFIER = acherian.MoodthreadUITests;
				PRODUCT_NAME = "$(TARGET_NAME)";
				SWIFT_EMIT_LOC_STRINGS = NO;
				SWIFT_VERSION = 5.0;
				TARGETED_DEVICE_FAMILY = "1,2";
				TEST_TARGET_NAME = Moodthread;
			};
			name = Release;
		};
/* End XCBuildConfiguration section */

/* Begin XCConfigurationList section */
		40A207222AD1064900DCF23A /* Build configuration list for PBXProject "Moodthread" */ = {
			isa = XCConfigurationList;
			buildConfigurations = (
				40A207522AD1064E00DCF23A /* Debug */,
				40A207532AD1064E00DCF23A /* Release */,
			);
			defaultConfigurationIsVisible = 0;
			defaultConfigurationName = Release;
		};
		40A207542AD1064E00DCF23A /* Build configuration list for PBXNativeTarget "Moodthread" */ = {
			isa = XCConfigurationList;
			buildConfigurations = (
				40A207552AD1064E00DCF23A /* Debug */,
				40A207562AD1064E00DCF23A /* Release */,
			);
			defaultConfigurationIsVisible = 0;
			defaultConfigurationName = Release;
		};
		40A207572AD1064E00DCF23A /* Build configuration list for PBXNativeTarget "MoodthreadTests" */ = {
			isa = XCConfigurationList;
			buildConfigurations = (
				40A207582AD1064E00DCF23A /* Debug */,
				40A207592AD1064E00DCF23A /* Release */,
			);
			defaultConfigurationIsVisible = 0;
			defaultConfigurationName = Release;
		};
		40A2075A2AD1064E00DCF23A /* Build configuration list for PBXNativeTarget "MoodthreadUITests" */ = {
			isa = XCConfigurationList;
			buildConfigurations = (
				40A2075B2AD1064E00DCF23A /* Debug */,
				40A2075C2AD1064E00DCF23A /* Release */,
			);
			defaultConfigurationIsVisible = 0;
			defaultConfigurationName = Release;
		};
/* End XCConfigurationList section */

/* Begin XCRemoteSwiftPackageReference section */
		401B885C2B7B470E005F59E9 /* XCRemoteSwiftPackageReference "MonthYearWheelPicker" */ = {
			isa = XCRemoteSwiftPackageReference;
			repositoryURL = "https://github.com/bendodson/MonthYearWheelPicker.git";
			requirement = {
				kind = upToNextMajorVersion;
				minimumVersion = 1.0.1;
			};
		};
/* End XCRemoteSwiftPackageReference section */

/* Begin XCSwiftPackageProductDependency section */
		401B885D2B7B470E005F59E9 /* MonthYearWheelPicker */ = {
			isa = XCSwiftPackageProductDependency;
			package = 401B885C2B7B470E005F59E9 /* XCRemoteSwiftPackageReference "MonthYearWheelPicker" */;
			productName = MonthYearWheelPicker;
		};
/* End XCSwiftPackageProductDependency section */

/* Begin XCVersionGroup section */
		40A207332AD1064900DCF23A /* Moodthread.xcdatamodeld */ = {
			isa = XCVersionGroup;
			children = (
				40A207342AD1064900DCF23A /* Moodthread.xcdatamodel */,
			);
			currentVersion = 40A207342AD1064900DCF23A /* Moodthread.xcdatamodel */;
			path = Moodthread.xcdatamodeld;
			sourceTree = "<group>";
			versionGroupType = wrapper.xcdatamodel;
		};
/* End XCVersionGroup section */
	};
	rootObject = 40A2071F2AD1064900DCF23A /* Project object */;
}
